// !$*UTF8*$!
{
	archiveVersion = 1;
	classes = {
	};
	objectVersion = 54;
	objects = {

/* Begin PBXBuildFile section */
		1F5A0414260262FC004F8223 /* AppDelegate.swift in Sources */ = {isa = PBXBuildFile; fileRef = 1F5A0413260262FC004F8223 /* AppDelegate.swift */; };
		1F5A0416260262FC004F8223 /* SceneDelegate.swift in Sources */ = {isa = PBXBuildFile; fileRef = 1F5A0415260262FC004F8223 /* SceneDelegate.swift */; };
		1F5A041B260262FC004F8223 /* Main.storyboard in Resources */ = {isa = PBXBuildFile; fileRef = 1F5A0419260262FC004F8223 /* Main.storyboard */; };
		1F5A041D26026302004F8223 /* Assets.xcassets in Resources */ = {isa = PBXBuildFile; fileRef = 1F5A041C26026302004F8223 /* Assets.xcassets */; };
		1F5A042026026302004F8223 /* LaunchScreen.storyboard in Resources */ = {isa = PBXBuildFile; fileRef = 1F5A041E26026302004F8223 /* LaunchScreen.storyboard */; };
		1F5A04292602647A004F8223 /* MainViewController.swift in Sources */ = {isa = PBXBuildFile; fileRef = 1F5A04282602647A004F8223 /* MainViewController.swift */; };
		1F5A042D26038967004F8223 /* CustomTableViewCell.swift in Sources */ = {isa = PBXBuildFile; fileRef = 1F5A042C26038967004F8223 /* CustomTableViewCell.swift */; };
		1F5A043126038C5E004F8223 /* PlaceModel.swift in Sources */ = {isa = PBXBuildFile; fileRef = 1F5A043026038C5E004F8223 /* PlaceModel.swift */; };
		1F5A04352603B3DB004F8223 /* NewPlaceViewController.swift in Sources */ = {isa = PBXBuildFile; fileRef = 1F5A04342603B3DB004F8223 /* NewPlaceViewController.swift */; };
		1F5A043C26064FDB004F8223 /* Pods_MyPlaces2.framework in Frameworks */ = {isa = PBXBuildFile; fileRef = 6BDD2AFF41018E0E6FB8BE74 /* Pods_MyPlaces2.framework */; };
		1F5A046226065ABC004F8223 /* StorageManager.swift in Sources */ = {isa = PBXBuildFile; fileRef = 1F5A046126065ABC004F8223 /* StorageManager.swift */; };
		1F5A0475260B7000004F8223 /* RatingControl.swift in Sources */ = {isa = PBXBuildFile; fileRef = 1F5A0474260B7000004F8223 /* RatingControl.swift */; };
		1F5A048C260BA0C9004F8223 /* MapViewController.swift in Sources */ = {isa = PBXBuildFile; fileRef = 1F5A048B260BA0C9004F8223 /* MapViewController.swift */; };
/* End PBXBuildFile section */

/* Begin PBXFileReference section */
		1F5A0410260262FC004F8223 /* MyPlaces2.app */ = {isa = PBXFileReference; explicitFileType = wrapper.application; includeInIndex = 0; path = MyPlaces2.app; sourceTree = BUILT_PRODUCTS_DIR; };
		1F5A0413260262FC004F8223 /* AppDelegate.swift */ = {isa = PBXFileReference; lastKnownFileType = sourcecode.swift; path = AppDelegate.swift; sourceTree = "<group>"; };
		1F5A0415260262FC004F8223 /* SceneDelegate.swift */ = {isa = PBXFileReference; lastKnownFileType = sourcecode.swift; path = SceneDelegate.swift; sourceTree = "<group>"; };
		1F5A041A260262FC004F8223 /* Base */ = {isa = PBXFileReference; lastKnownFileType = file.storyboard; name = Base; path = Base.lproj/Main.storyboard; sourceTree = "<group>"; };
		1F5A041C26026302004F8223 /* Assets.xcassets */ = {isa = PBXFileReference; lastKnownFileType = folder.assetcatalog; path = Assets.xcassets; sourceTree = "<group>"; };
		1F5A041F26026302004F8223 /* Base */ = {isa = PBXFileReference; lastKnownFileType = file.storyboard; name = Base; path = Base.lproj/LaunchScreen.storyboard; sourceTree = "<group>"; };
		1F5A042126026302004F8223 /* Info.plist */ = {isa = PBXFileReference; lastKnownFileType = text.plist.xml; path = Info.plist; sourceTree = "<group>"; };
		1F5A04282602647A004F8223 /* MainViewController.swift */ = {isa = PBXFileReference; lastKnownFileType = sourcecode.swift; path = MainViewController.swift; sourceTree = "<group>"; };
		1F5A042C26038967004F8223 /* CustomTableViewCell.swift */ = {isa = PBXFileReference; lastKnownFileType = sourcecode.swift; path = CustomTableViewCell.swift; sourceTree = "<group>"; };
		1F5A043026038C5E004F8223 /* PlaceModel.swift */ = {isa = PBXFileReference; lastKnownFileType = sourcecode.swift; path = PlaceModel.swift; sourceTree = "<group>"; };
		1F5A04342603B3DB004F8223 /* NewPlaceViewController.swift */ = {isa = PBXFileReference; lastKnownFileType = sourcecode.swift; path = NewPlaceViewController.swift; sourceTree = "<group>"; };
		1F5A044326065420004F8223 /* RealmSwift.framework */ = {isa = PBXFileReference; explicitFileType = wrapper.framework; path = RealmSwift.framework; sourceTree = BUILT_PRODUCTS_DIR; };
		1F5A046126065ABC004F8223 /* StorageManager.swift */ = {isa = PBXFileReference; lastKnownFileType = sourcecode.swift; path = StorageManager.swift; sourceTree = "<group>"; };
		1F5A0474260B7000004F8223 /* RatingControl.swift */ = {isa = PBXFileReference; lastKnownFileType = sourcecode.swift; path = RatingControl.swift; sourceTree = "<group>"; };
		1F5A048B260BA0C9004F8223 /* MapViewController.swift */ = {isa = PBXFileReference; lastKnownFileType = sourcecode.swift; path = MapViewController.swift; sourceTree = "<group>"; };
		5F52DC54C2C1C25B191CE55E /* Pods-MyPlaces2.release.xcconfig */ = {isa = PBXFileReference; includeInIndex = 1; lastKnownFileType = text.xcconfig; name = "Pods-MyPlaces2.release.xcconfig"; path = "Target Support Files/Pods-MyPlaces2/Pods-MyPlaces2.release.xcconfig"; sourceTree = "<group>"; };
		660F4503AAFAA4735A179AC7 /* Pods-MyPlaces2.debug.xcconfig */ = {isa = PBXFileReference; includeInIndex = 1; lastKnownFileType = text.xcconfig; name = "Pods-MyPlaces2.debug.xcconfig"; path = "Target Support Files/Pods-MyPlaces2/Pods-MyPlaces2.debug.xcconfig"; sourceTree = "<group>"; };
		6BDD2AFF41018E0E6FB8BE74 /* Pods_MyPlaces2.framework */ = {isa = PBXFileReference; explicitFileType = wrapper.framework; includeInIndex = 0; path = Pods_MyPlaces2.framework; sourceTree = BUILT_PRODUCTS_DIR; };
/* End PBXFileReference section */

/* Begin PBXFrameworksBuildPhase section */
		1F5A040D260262FC004F8223 /* Frameworks */ = {
			isa = PBXFrameworksBuildPhase;
			buildActionMask = 2147483647;
			files = (
				1F5A043C26064FDB004F8223 /* Pods_MyPlaces2.framework in Frameworks */,
			);
			runOnlyForDeploymentPostprocessing = 0;
		};
/* End PBXFrameworksBuildPhase section */

/* Begin PBXGroup section */
		1F5A0407260262FC004F8223 = {
			isa = PBXGroup;
			children = (
				1F5A0412260262FC004F8223 /* MyPlaces2 */,
				1F5A0411260262FC004F8223 /* Products */,
				AFA7BA41584AEBD656FFC938 /* Pods */,
				7AC3D486B3A0C0C90360D6D6 /* Frameworks */,
			);
			sourceTree = "<group>";
		};
		1F5A0411260262FC004F8223 /* Products */ = {
			isa = PBXGroup;
			children = (
				1F5A0410260262FC004F8223 /* MyPlaces2.app */,
			);
			name = Products;
			sourceTree = "<group>";
		};
		1F5A0412260262FC004F8223 /* MyPlaces2 */ = {
			isa = PBXGroup;
			children = (
				1F5A0413260262FC004F8223 /* AppDelegate.swift */,
				1F5A04282602647A004F8223 /* MainViewController.swift */,
				1F5A04342603B3DB004F8223 /* NewPlaceViewController.swift */,
				1F5A048B260BA0C9004F8223 /* MapViewController.swift */,
				1F5A043026038C5E004F8223 /* PlaceModel.swift */,
				1F5A046126065ABC004F8223 /* StorageManager.swift */,
				1F5A042C26038967004F8223 /* CustomTableViewCell.swift */,
				1F5A0474260B7000004F8223 /* RatingControl.swift */,
				1F5A0415260262FC004F8223 /* SceneDelegate.swift */,
				1F5A0419260262FC004F8223 /* Main.storyboard */,
				1F5A041C26026302004F8223 /* Assets.xcassets */,
				1F5A041E26026302004F8223 /* LaunchScreen.storyboard */,
				1F5A042126026302004F8223 /* Info.plist */,
			);
			path = MyPlaces2;
			sourceTree = "<group>";
		};
		7AC3D486B3A0C0C90360D6D6 /* Frameworks */ = {
			isa = PBXGroup;
			children = (
				1F5A044326065420004F8223 /* RealmSwift.framework */,
				6BDD2AFF41018E0E6FB8BE74 /* Pods_MyPlaces2.framework */,
			);
			name = Frameworks;
			sourceTree = "<group>";
		};
		AFA7BA41584AEBD656FFC938 /* Pods */ = {
			isa = PBXGroup;
			children = (
				660F4503AAFAA4735A179AC7 /* Pods-MyPlaces2.debug.xcconfig */,
				5F52DC54C2C1C25B191CE55E /* Pods-MyPlaces2.release.xcconfig */,
			);
			path = Pods;
			sourceTree = "<group>";
		};
/* End PBXGroup section */

/* Begin PBXNativeTarget section */
		1F5A040F260262FC004F8223 /* MyPlaces2 */ = {
			isa = PBXNativeTarget;
			buildConfigurationList = 1F5A042426026302004F8223 /* Build configuration list for PBXNativeTarget "MyPlaces2" */;
			buildPhases = (
				92E4F0997E2739A45839427E /* [CP] Check Pods Manifest.lock */,
				1F5A040C260262FC004F8223 /* Sources */,
				1F5A040D260262FC004F8223 /* Frameworks */,
				1F5A040E260262FC004F8223 /* Resources */,
				85AC7BCC4111542495F03D46 /* [CP] Embed Pods Frameworks */,
			);
			buildRules = (
			);
			dependencies = (
			);
			name = MyPlaces2;
			productName = MyPlaces2;
			productReference = 1F5A0410260262FC004F8223 /* MyPlaces2.app */;
			productType = "com.apple.product-type.application";
		};
/* End PBXNativeTarget section */

/* Begin PBXProject section */
		1F5A0408260262FC004F8223 /* Project object */ = {
			isa = PBXProject;
			attributes = {
				LastSwiftUpdateCheck = 1240;
				LastUpgradeCheck = 1240;
				TargetAttributes = {
					1F5A040F260262FC004F8223 = {
						CreatedOnToolsVersion = 12.4;
					};
				};
			};
			buildConfigurationList = 1F5A040B260262FC004F8223 /* Build configuration list for PBXProject "MyPlaces2" */;
			compatibilityVersion = "Xcode 12.0";
			developmentRegion = en;
			hasScannedForEncodings = 0;
			knownRegions = (
				en,
				Base,
			);
			mainGroup = 1F5A0407260262FC004F8223;
			productRefGroup = 1F5A0411260262FC004F8223 /* Products */;
			projectDirPath = "";
			projectRoot = "";
			targets = (
				1F5A040F260262FC004F8223 /* MyPlaces2 */,
			);
		};
/* End PBXProject section */

/* Begin PBXResourcesBuildPhase section */
		1F5A040E260262FC004F8223 /* Resources */ = {
			isa = PBXResourcesBuildPhase;
			buildActionMask = 2147483647;
			files = (
				1F5A042026026302004F8223 /* LaunchScreen.storyboard in Resources */,
				1F5A041D26026302004F8223 /* Assets.xcassets in Resources */,
				1F5A041B260262FC004F8223 /* Main.storyboard in Resources */,
			);
			runOnlyForDeploymentPostprocessing = 0;
		};
/* End PBXResourcesBuildPhase section */

/* Begin PBXShellScriptBuildPhase section */
		85AC7BCC4111542495F03D46 /* [CP] Embed Pods Frameworks */ = {
			isa = PBXShellScriptBuildPhase;
			buildActionMask = 2147483647;
			files = (
			);
			inputFileListPaths = (
				"${PODS_ROOT}/Target Support Files/Pods-MyPlaces2/Pods-MyPlaces2-frameworks-${CONFIGURATION}-input-files.xcfilelist",
			);
			name = "[CP] Embed Pods Frameworks";
			outputFileListPaths = (
				"${PODS_ROOT}/Target Support Files/Pods-MyPlaces2/Pods-MyPlaces2-frameworks-${CONFIGURATION}-output-files.xcfilelist",
			);
			runOnlyForDeploymentPostprocessing = 0;
			shellPath = /bin/sh;
			shellScript = "\"${PODS_ROOT}/Target Support Files/Pods-MyPlaces2/Pods-MyPlaces2-frameworks.sh\"\n";
			showEnvVarsInLog = 0;
		};
		92E4F0997E2739A45839427E /* [CP] Check Pods Manifest.lock */ = {
			isa = PBXShellScriptBuildPhase;
			buildActionMask = 2147483647;
			files = (
			);
			inputFileListPaths = (
			);
			inputPaths = (
				"${PODS_PODFILE_DIR_PATH}/Podfile.lock",
				"${PODS_ROOT}/Manifest.lock",
			);
			name = "[CP] Check Pods Manifest.lock";
			outputFileListPaths = (
			);
			outputPaths = (
				"$(DERIVED_FILE_DIR)/Pods-MyPlaces2-checkManifestLockResult.txt",
			);
			runOnlyForDeploymentPostprocessing = 0;
			shellPath = /bin/sh;
			shellScript = "diff \"${PODS_PODFILE_DIR_PATH}/Podfile.lock\" \"${PODS_ROOT}/Manifest.lock\" > /dev/null\nif [ $? != 0 ] ; then\n    # print error to STDERR\n    echo \"error: The sandbox is not in sync with the Podfile.lock. Run 'pod install' or update your CocoaPods installation.\" >&2\n    exit 1\nfi\n# This output is used by Xcode 'outputs' to avoid re-running this script phase.\necho \"SUCCESS\" > \"${SCRIPT_OUTPUT_FILE_0}\"\n";
			showEnvVarsInLog = 0;
		};
/* End PBXShellScriptBuildPhase section */

/* Begin PBXSourcesBuildPhase section */
		1F5A040C260262FC004F8223 /* Sources */ = {
			isa = PBXSourcesBuildPhase;
			buildActionMask = 2147483647;
			files = (
				1F5A04292602647A004F8223 /* MainViewController.swift in Sources */,
				1F5A04352603B3DB004F8223 /* NewPlaceViewController.swift in Sources */,
				1F5A0414260262FC004F8223 /* AppDelegate.swift in Sources */,
				1F5A046226065ABC004F8223 /* StorageManager.swift in Sources */,
				1F5A048C260BA0C9004F8223 /* MapViewController.swift in Sources */,
				1F5A0475260B7000004F8223 /* RatingControl.swift in Sources */,
				1F5A043126038C5E004F8223 /* PlaceModel.swift in Sources */,
				1F5A042D26038967004F8223 /* CustomTableViewCell.swift in Sources */,
				1F5A0416260262FC004F8223 /* SceneDelegate.swift in Sources */,
			);
			runOnlyForDeploymentPostprocessing = 0;
		};
/* End PBXSourcesBuildPhase section */

/* Begin PBXVariantGroup section */
		1F5A0419260262FC004F8223 /* Main.storyboard */ = {
			isa = PBXVariantGroup;
			children = (
				1F5A041A260262FC004F8223 /* Base */,
			);
			name = Main.storyboard;
			sourceTree = "<group>";
		};
		1F5A041E26026302004F8223 /* LaunchScreen.storyboard */ = {
			isa = PBXVariantGroup;
			children = (
				1F5A041F26026302004F8223 /* Base */,
			);
			name = LaunchScreen.storyboard;
			sourceTree = "<group>";
		};
/* End PBXVariantGroup section */

/* Begin XCBuildConfiguration section */
		1F5A042226026302004F8223 /* Debug */ = {
			isa = XCBuildConfiguration;
			buildSettings = {
				ALWAYS_SEARCH_USER_PATHS = NO;
				CLANG_ANALYZER_NONNULL = YES;
				CLANG_ANALYZER_NUMBER_OBJECT_CONVERSION = YES_AGGRESSIVE;
				CLANG_CXX_LANGUAGE_STANDARD = "gnu++14";
				CLANG_CXX_LIBRARY = "libc++";
				CLANG_ENABLE_MODULES = YES;
				CLANG_ENABLE_OBJC_ARC = YES;
				CLANG_ENABLE_OBJC_WEAK = YES;
				CLANG_WARN_BLOCK_CAPTURE_AUTORELEASING = YES;
				CLANG_WARN_BOOL_CONVERSION = YES;
				CLANG_WARN_COMMA = YES;
				CLANG_WARN_CONSTANT_CONVERSION = YES;
				CLANG_WARN_DEPRECATED_OBJC_IMPLEMENTATIONS = YES;
				CLANG_WARN_DIRECT_OBJC_ISA_USAGE = YES_ERROR;
				CLANG_WARN_DOCUMENTATION_COMMENTS = YES;
				CLANG_WARN_EMPTY_BODY = YES;
				CLANG_WARN_ENUM_CONVERSION = YES;
				CLANG_WARN_INFINITE_RECURSION = YES;
				CLANG_WARN_INT_CONVERSION = YES;
				CLANG_WARN_NON_LITERAL_NULL_CONVERSION = YES;
				CLANG_WARN_OBJC_IMPLICIT_RETAIN_SELF = YES;
				CLANG_WARN_OBJC_LITERAL_CONVERSION = YES;
				CLANG_WARN_OBJC_ROOT_CLASS = YES_ERROR;
				CLANG_WARN_QUOTED_INCLUDE_IN_FRAMEWORK_HEADER = YES;
				CLANG_WARN_RANGE_LOOP_ANALYSIS = YES;
				CLANG_WARN_STRICT_PROTOTYPES = YES;
				CLANG_WARN_SUSPICIOUS_MOVE = YES;
				CLANG_WARN_UNGUARDED_AVAILABILITY = YES_AGGRESSIVE;
				CLANG_WARN_UNREACHABLE_CODE = YES;
				CLANG_WARN__DUPLICATE_METHOD_MATCH = YES;
				COPY_PHASE_STRIP = NO;
				DEBUG_INFORMATION_FORMAT = dwarf;
				ENABLE_STRICT_OBJC_MSGSEND = YES;
				ENABLE_TESTABILITY = YES;
				GCC_C_LANGUAGE_STANDARD = gnu11;
				GCC_DYNAMIC_NO_PIC = NO;
				GCC_NO_COMMON_BLOCKS = YES;
				GCC_OPTIMIZATION_LEVEL = 0;
				GCC_PREPROCESSOR_DEFINITIONS = (
					"DEBUG=1",
					"$(inherited)",
				);
				GCC_WARN_64_TO_32_BIT_CONVERSION = YES;
				GCC_WARN_ABOUT_RETURN_TYPE = YES_ERROR;
				GCC_WARN_UNDECLARED_SELECTOR = YES;
				GCC_WARN_UNINITIALIZED_AUTOS = YES_AGGRESSIVE;
				GCC_WARN_UNUSED_FUNCTION = YES;
				GCC_WARN_UNUSED_VARIABLE = YES;
				IPHONEOS_DEPLOYMENT_TARGET = 14.4;
				MTL_ENABLE_DEBUG_INFO = INCLUDE_SOURCE;
				MTL_FAST_MATH = YES;
				ONLY_ACTIVE_ARCH = YES;
				SDKROOT = iphoneos;
				SWIFT_ACTIVE_COMPILATION_CONDITIONS = DEBUG;
				SWIFT_OPTIMIZATION_LEVEL = "-Onone";
			};
			name = Debug;
		};
		1F5A042326026302004F8223 /* Release */ = {
			isa = XCBuildConfiguration;
			buildSettings = {
				ALWAYS_SEARCH_USER_PATHS = NO;
				CLANG_ANALYZER_NONNULL = YES;
				CLANG_ANALYZER_NUMBER_OBJECT_CONVERSION = YES_AGGRESSIVE;
				CLANG_CXX_LANGUAGE_STANDARD = "gnu++14";
				CLANG_CXX_LIBRARY = "libc++";
				CLANG_ENABLE_MODULES = YES;
				CLANG_ENABLE_OBJC_ARC = YES;
				CLANG_ENABLE_OBJC_WEAK = YES;
				CLANG_WARN_BLOCK_CAPTURE_AUTORELEASING = YES;
				CLANG_WARN_BOOL_CONVERSION = YES;
				CLANG_WARN_COMMA = YES;
				CLANG_WARN_CONSTANT_CONVERSION = YES;
				CLANG_WARN_DEPRECATED_OBJC_IMPLEMENTATIONS = YES;
				CLANG_WARN_DIRECT_OBJC_ISA_USAGE = YES_ERROR;
				CLANG_WARN_DOCUMENTATION_COMMENTS = YES;
				CLANG_WARN_EMPTY_BODY = YES;
				CLANG_WARN_ENUM_CONVERSION = YES;
				CLANG_WARN_INFINITE_RECURSION = YES;
				CLANG_WARN_INT_CONVERSION = YES;
				CLANG_WARN_NON_LITERAL_NULL_CONVERSION = YES;
				CLANG_WARN_OBJC_IMPLICIT_RETAIN_SELF = YES;
				CLANG_WARN_OBJC_LITERAL_CONVERSION = YES;
				CLANG_WARN_OBJC_ROOT_CLASS = YES_ERROR;
				CLANG_WARN_QUOTED_INCLUDE_IN_FRAMEWORK_HEADER = YES;
				CLANG_WARN_RANGE_LOOP_ANALYSIS = YES;
				CLANG_WARN_STRICT_PROTOTYPES = YES;
				CLANG_WARN_SUSPICIOUS_MOVE = YES;
				CLANG_WARN_UNGUARDED_AVAILABILITY = YES_AGGRESSIVE;
				CLANG_WARN_UNREACHABLE_CODE = YES;
				CLANG_WARN__DUPLICATE_METHOD_MATCH = YES;
				COPY_PHASE_STRIP = NO;
				DEBUG_INFORMATION_FORMAT = "dwarf-with-dsym";
				ENABLE_NS_ASSERTIONS = NO;
				ENABLE_STRICT_OBJC_MSGSEND = YES;
				GCC_C_LANGUAGE_STANDARD = gnu11;
				GCC_NO_COMMON_BLOCKS = YES;
				GCC_WARN_64_TO_32_BIT_CONVERSION = YES;
				GCC_WARN_ABOUT_RETURN_TYPE = YES_ERROR;
				GCC_WARN_UNDECLARED_SELECTOR = YES;
				GCC_WARN_UNINITIALIZED_AUTOS = YES_AGGRESSIVE;
				GCC_WARN_UNUSED_FUNCTION = YES;
				GCC_WARN_UNUSED_VARIABLE = YES;
				IPHONEOS_DEPLOYMENT_TARGET = 14.4;
				MTL_ENABLE_DEBUG_INFO = NO;
				MTL_FAST_MATH = YES;
				SDKROOT = iphoneos;
				SWIFT_COMPILATION_MODE = wholemodule;
				SWIFT_OPTIMIZATION_LEVEL = "-O";
				VALIDATE_PRODUCT = YES;
			};
			name = Release;
		};
		1F5A042526026302004F8223 /* Debug */ = {
			isa = XCBuildConfiguration;
			baseConfigurationReference = 660F4503AAFAA4735A179AC7 /* Pods-MyPlaces2.debug.xcconfig */;
			buildSettings = {
				ASSETCATALOG_COMPILER_APPICON_NAME = AppIcon;
				ASSETCATALOG_COMPILER_GLOBAL_ACCENT_COLOR_NAME = AccentColor;
				CODE_SIGN_STYLE = Automatic;
				DEVELOPMENT_TEAM = XY34SCB966;
				INFOPLIST_FILE = MyPlaces2/Info.plist;
				LD_RUNPATH_SEARCH_PATHS = (
					"$(inherited)",
					"@executable_path/Frameworks",
				);
				PRODUCT_BUNDLE_IDENTIFIER = ru.MyPlaces2;
				PRODUCT_NAME = "$(TARGET_NAME)";
				SWIFT_VERSION = 5.0;
				TARGETED_DEVICE_FAMILY = "1,2";
			};
			name = Debug;
		};
		1F5A042626026302004F8223 /* Release */ = {
			isa = XCBuildConfiguration;
			baseConfigurationReference = 5F52DC54C2C1C25B191CE55E /* Pods-MyPlaces2.release.xcconfig */;
			buildSettings = {
				ASSETCATALOG_COMPILER_APPICON_NAME = AppIcon;
				ASSETCATALOG_COMPILER_GLOBAL_ACCENT_COLOR_NAME = AccentColor;
				CODE_SIGN_STYLE = Automatic;
				DEVELOPMENT_TEAM = XY34SCB966;
				INFOPLIST_FILE = MyPlaces2/Info.plist;
				LD_RUNPATH_SEARCH_PATHS = (
					"$(inherited)",
					"@executable_path/Frameworks",
				);
				PRODUCT_BUNDLE_IDENTIFIER = ru.MyPlaces2;
				PRODUCT_NAME = "$(TARGET_NAME)";
				SWIFT_VERSION = 5.0;
				TARGETED_DEVICE_FAMILY = "1,2";
			};
			name = Release;
		};
/* End XCBuildConfiguration section */

/* Begin XCConfigurationList section */
		1F5A040B260262FC004F8223 /* Build configuration list for PBXProject "MyPlaces2" */ = {
			isa = XCConfigurationList;
			buildConfigurations = (
				1F5A042226026302004F8223 /* Debug */,
				1F5A042326026302004F8223 /* Release */,
			);
			defaultConfigurationIsVisible = 0;
			defaultConfigurationName = Release;
		};
		1F5A042426026302004F8223 /* Build configuration list for PBXNativeTarget "MyPlaces2" */ = {
			isa = XCConfigurationList;
			buildConfigurations = (
				1F5A042526026302004F8223 /* Debug */,
				1F5A042626026302004F8223 /* Release */,
			);
			defaultConfigurationIsVisible = 0;
			defaultConfigurationName = Release;
		};
/* End XCConfigurationList section */
	};
	rootObject = 1F5A0408260262FC004F8223 /* Project object */;
}
